{
  "lockfileVersion": 1,
  "workspaces": {
    "": {
      "name": "vite-plugin-bun-single",
      "dependencies": {
        "fast-glob": "^3.3.3",
        "file-type": "^20.5.0",
        "mime": "^4.0.7",
      },
      "devDependencies": {
        "@types/bun": "^1.2.11",
        "@types/mime": "^4.0.0",
        "@types/node": "^22.15.3",
        "typescript": "^5.0.0",
      },
      "peerDependencies": {
        "bun": ">=1.0.0",
        "vite": ">=4.0.0",
      },
    },
  },
  "packages": {
    "@esbuild/aix-ppc64": ["@esbuild/aix-ppc64@0.25.3", "", { "os": "aix", "cpu": "ppc64" }, "sha512-W8bFfPA8DowP8l//sxjJLSLkD8iEjMc7cBVyP+u4cEv9sM7mdUCkgsj+t0n/BWPFtv7WWCN5Yzj0N6FJNUUqBQ=="],

    "@esbuild/android-arm": ["@esbuild/android-arm@0.25.3", "", { "os": "android", "cpu": "arm" }, "sha512-PuwVXbnP87Tcff5I9ngV0lmiSu40xw1At6i3GsU77U7cjDDB4s0X2cyFuBiDa1SBk9DnvWwnGvVaGBqoFWPb7A=="],

    "@esbuild/android-arm64": ["@esbuild/android-arm64@0.25.3", "", { "os": "android", "cpu": "arm64" }, "sha512-XelR6MzjlZuBM4f5z2IQHK6LkK34Cvv6Rj2EntER3lwCBFdg6h2lKbtRjpTTsdEjD/WSe1q8UyPBXP1x3i/wYQ=="],

    "@esbuild/android-x64": ["@esbuild/android-x64@0.25.3", "", { "os": "android", "cpu": "x64" }, "sha512-ogtTpYHT/g1GWS/zKM0cc/tIebFjm1F9Aw1boQ2Y0eUQ+J89d0jFY//s9ei9jVIlkYi8AfOjiixcLJSGNSOAdQ=="],

    "@esbuild/darwin-arm64": ["@esbuild/darwin-arm64@0.25.3", "", { "os": "darwin", "cpu": "arm64" }, "sha512-eESK5yfPNTqpAmDfFWNsOhmIOaQA59tAcF/EfYvo5/QWQCzXn5iUSOnqt3ra3UdzBv073ykTtmeLJZGt3HhA+w=="],

    "@esbuild/darwin-x64": ["@esbuild/darwin-x64@0.25.3", "", { "os": "darwin", "cpu": "x64" }, "sha512-Kd8glo7sIZtwOLcPbW0yLpKmBNWMANZhrC1r6K++uDR2zyzb6AeOYtI6udbtabmQpFaxJ8uduXMAo1gs5ozz8A=="],

    "@esbuild/freebsd-arm64": ["@esbuild/freebsd-arm64@0.25.3", "", { "os": "freebsd", "cpu": "arm64" }, "sha512-EJiyS70BYybOBpJth3M0KLOus0n+RRMKTYzhYhFeMwp7e/RaajXvP+BWlmEXNk6uk+KAu46j/kaQzr6au+JcIw=="],

    "@esbuild/freebsd-x64": ["@esbuild/freebsd-x64@0.25.3", "", { "os": "freebsd", "cpu": "x64" }, "sha512-Q+wSjaLpGxYf7zC0kL0nDlhsfuFkoN+EXrx2KSB33RhinWzejOd6AvgmP5JbkgXKmjhmpfgKZq24pneodYqE8Q=="],

    "@esbuild/linux-arm": ["@esbuild/linux-arm@0.25.3", "", { "os": "linux", "cpu": "arm" }, "sha512-dUOVmAUzuHy2ZOKIHIKHCm58HKzFqd+puLaS424h6I85GlSDRZIA5ycBixb3mFgM0Jdh+ZOSB6KptX30DD8YOQ=="],

    "@esbuild/linux-arm64": ["@esbuild/linux-arm64@0.25.3", "", { "os": "linux", "cpu": "arm64" }, "sha512-xCUgnNYhRD5bb1C1nqrDV1PfkwgbswTTBRbAd8aH5PhYzikdf/ddtsYyMXFfGSsb/6t6QaPSzxtbfAZr9uox4A=="],

    "@esbuild/linux-ia32": ["@esbuild/linux-ia32@0.25.3", "", { "os": "linux", "cpu": "ia32" }, "sha512-yplPOpczHOO4jTYKmuYuANI3WhvIPSVANGcNUeMlxH4twz/TeXuzEP41tGKNGWJjuMhotpGabeFYGAOU2ummBw=="],

    "@esbuild/linux-loong64": ["@esbuild/linux-loong64@0.25.3", "", { "os": "linux", "cpu": "none" }, "sha512-P4BLP5/fjyihmXCELRGrLd793q/lBtKMQl8ARGpDxgzgIKJDRJ/u4r1A/HgpBpKpKZelGct2PGI4T+axcedf6g=="],

    "@esbuild/linux-mips64el": ["@esbuild/linux-mips64el@0.25.3", "", { "os": "linux", "cpu": "none" }, "sha512-eRAOV2ODpu6P5divMEMa26RRqb2yUoYsuQQOuFUexUoQndm4MdpXXDBbUoKIc0iPa4aCO7gIhtnYomkn2x+bag=="],

    "@esbuild/linux-ppc64": ["@esbuild/linux-ppc64@0.25.3", "", { "os": "linux", "cpu": "ppc64" }, "sha512-ZC4jV2p7VbzTlnl8nZKLcBkfzIf4Yad1SJM4ZMKYnJqZFD4rTI+pBG65u8ev4jk3/MPwY9DvGn50wi3uhdaghg=="],

    "@esbuild/linux-riscv64": ["@esbuild/linux-riscv64@0.25.3", "", { "os": "linux", "cpu": "none" }, "sha512-LDDODcFzNtECTrUUbVCs6j9/bDVqy7DDRsuIXJg6so+mFksgwG7ZVnTruYi5V+z3eE5y+BJZw7VvUadkbfg7QA=="],

    "@esbuild/linux-s390x": ["@esbuild/linux-s390x@0.25.3", "", { "os": "linux", "cpu": "s390x" }, "sha512-s+w/NOY2k0yC2p9SLen+ymflgcpRkvwwa02fqmAwhBRI3SC12uiS10edHHXlVWwfAagYSY5UpmT/zISXPMW3tQ=="],

    "@esbuild/linux-x64": ["@esbuild/linux-x64@0.25.3", "", { "os": "linux", "cpu": "x64" }, "sha512-nQHDz4pXjSDC6UfOE1Fw9Q8d6GCAd9KdvMZpfVGWSJztYCarRgSDfOVBY5xwhQXseiyxapkiSJi/5/ja8mRFFA=="],

    "@esbuild/netbsd-arm64": ["@esbuild/netbsd-arm64@0.25.3", "", { "os": "none", "cpu": "arm64" }, "sha512-1QaLtOWq0mzK6tzzp0jRN3eccmN3hezey7mhLnzC6oNlJoUJz4nym5ZD7mDnS/LZQgkrhEbEiTn515lPeLpgWA=="],

    "@esbuild/netbsd-x64": ["@esbuild/netbsd-x64@0.25.3", "", { "os": "none", "cpu": "x64" }, "sha512-i5Hm68HXHdgv8wkrt+10Bc50zM0/eonPb/a/OFVfB6Qvpiirco5gBA5bz7S2SHuU+Y4LWn/zehzNX14Sp4r27g=="],

    "@esbuild/openbsd-arm64": ["@esbuild/openbsd-arm64@0.25.3", "", { "os": "openbsd", "cpu": "arm64" }, "sha512-zGAVApJEYTbOC6H/3QBr2mq3upG/LBEXr85/pTtKiv2IXcgKV0RT0QA/hSXZqSvLEpXeIxah7LczB4lkiYhTAQ=="],

    "@esbuild/openbsd-x64": ["@esbuild/openbsd-x64@0.25.3", "", { "os": "openbsd", "cpu": "x64" }, "sha512-fpqctI45NnCIDKBH5AXQBsD0NDPbEFczK98hk/aa6HJxbl+UtLkJV2+Bvy5hLSLk3LHmqt0NTkKNso1A9y1a4w=="],

    "@esbuild/sunos-x64": ["@esbuild/sunos-x64@0.25.3", "", { "os": "sunos", "cpu": "x64" }, "sha512-ROJhm7d8bk9dMCUZjkS8fgzsPAZEjtRJqCAmVgB0gMrvG7hfmPmz9k1rwO4jSiblFjYmNvbECL9uhaPzONMfgA=="],

    "@esbuild/win32-arm64": ["@esbuild/win32-arm64@0.25.3", "", { "os": "win32", "cpu": "arm64" }, "sha512-YWcow8peiHpNBiIXHwaswPnAXLsLVygFwCB3A7Bh5jRkIBFWHGmNQ48AlX4xDvQNoMZlPYzjVOQDYEzWCqufMQ=="],

    "@esbuild/win32-ia32": ["@esbuild/win32-ia32@0.25.3", "", { "os": "win32", "cpu": "ia32" }, "sha512-qspTZOIGoXVS4DpNqUYUs9UxVb04khS1Degaw/MnfMe7goQ3lTfQ13Vw4qY/Nj0979BGvMRpAYbs/BAxEvU8ew=="],

    "@esbuild/win32-x64": ["@esbuild/win32-x64@0.25.3", "", { "os": "win32", "cpu": "x64" }, "sha512-ICgUR+kPimx0vvRzf+N/7L7tVSQeE3BYY+NhHRHXS1kBuPO7z2+7ea2HbhDyZdTephgvNvKrlDDKUexuCVBVvg=="],

    "@nodelib/fs.scandir": ["@nodelib/fs.scandir@2.1.5", "", { "dependencies": { "@nodelib/fs.stat": "2.0.5", "run-parallel": "^1.1.9" } }, "sha512-vq24Bq3ym5HEQm2NKCr3yXDwjc7vTsEThRDnkp2DK9p1uqLR+DHurm/NOTo0KG7HYHU7eppKZj3MyqYuMBf62g=="],

    "@nodelib/fs.stat": ["@nodelib/fs.stat@2.0.5", "", {}, "sha512-RkhPPp2zrqDAQA/2jNhnztcPAlv64XdhIp7a7454A5ovI7Bukxgt7MX7udwAu3zg1DcpPU0rz3VV1SeaqvY4+A=="],

    "@nodelib/fs.walk": ["@nodelib/fs.walk@1.2.8", "", { "dependencies": { "@nodelib/fs.scandir": "2.1.5", "fastq": "^1.6.0" } }, "sha512-oGB+UxlgWcgQkgwo8GcEGwemoTFt3FIO9ababBmaGwXIoBKZ+GTy0pP185beGg7Llih/NSHSV2XAs1lnznocSg=="],

    "@oven/bun-darwin-aarch64": ["@oven/bun-darwin-aarch64@1.2.11", "", { "os": "darwin", "cpu": "arm64" }, "sha512-LN7gshxqEHJ1LA0B43Z56Ts3LxRjp2LrIz45FIgeKWE81PYglR9NMNou90gFuYlUtMyarSk6MV9Jdvo2kFnn8Q=="],

    "@oven/bun-darwin-x64": ["@oven/bun-darwin-x64@1.2.11", "", { "os": "darwin", "cpu": "x64" }, "sha512-AmmlGdQmzORFeUZRa2Ki9UWYTt5ZGUwTp0z+H0uR4bYHy7sQhpDbNKtZcfKKuLRQ6P23DKc3Lpo+yhR0cg7prg=="],

    "@oven/bun-darwin-x64-baseline": ["@oven/bun-darwin-x64-baseline@1.2.11", "", { "os": "darwin", "cpu": "x64" }, "sha512-ksZJzq0Id3YsGcs++QnL1oGYjqY5XNihR0MscZ+M4YYruvVKHKim9Aql46+TI55YmKD810HVpeLolIeeTl2JUg=="],

    "@oven/bun-linux-aarch64": ["@oven/bun-linux-aarch64@1.2.11", "", { "os": "linux", "cpu": "arm64" }, "sha512-jNQ5F6o9qC/KNhBnyxnjVRfiTxZB7thvZ7T+oPZSNh1IV8UWDunEGmUdOqSqoPsigpXHRjbV3DKJKN+YaPQCCA=="],

    "@oven/bun-linux-aarch64-musl": ["@oven/bun-linux-aarch64-musl@1.2.11", "", { "os": "linux", "cpu": "none" }, "sha512-A/h7WxC2GbNus8fupz5EHsD8YugG19uW9GQWDf4tk0YWYuSaUOCP14JYbXbiJ48OFELWNchEc/2azajH+votbA=="],

    "@oven/bun-linux-x64": ["@oven/bun-linux-x64@1.2.11", "", { "os": "linux", "cpu": "x64" }, "sha512-6pH556SgOR2UOgWQfEiYI3DWgkm7T+L9fmBe2dfEYrKCEu/TbXZXOJeMi943NSMIiT3q2gVwlCEdoxZwedQs4A=="],

    "@oven/bun-linux-x64-baseline": ["@oven/bun-linux-x64-baseline@1.2.11", "", { "os": "linux", "cpu": "x64" }, "sha512-xswex8EPmzX8BqbNXpiwgrpDkaD/FMIaxD85EIBaaksi6I8nln2kzEmlO/uVhbFAn9PPWydi3Q+FCcNnJGRazQ=="],

    "@oven/bun-linux-x64-musl": ["@oven/bun-linux-x64-musl@1.2.11", "", { "os": "linux", "cpu": "x64" }, "sha512-yF1Urgsy8xkQu8iAd03ORxuZ/DWrNPCST2r1EVIwjHuzpZ3o2odKjnE9Hnwsq+wcWdCRsakqL/muILB/9aCxeQ=="],

    "@oven/bun-linux-x64-musl-baseline": ["@oven/bun-linux-x64-musl-baseline@1.2.11", "", { "os": "linux", "cpu": "x64" }, "sha512-YYglLgFkHwNMjECCyM/kZDUZa6UW3ssVtg5k6+8QU1Rp5cPF+0SBlGGTr5ho2lFkNn/ylKmwyuqE1tB45zgVvA=="],

    "@oven/bun-windows-x64": ["@oven/bun-windows-x64@1.2.11", "", { "os": "win32", "cpu": "x64" }, "sha512-5mGVsGSS8JWBq8IHXGvFJ7rlET4XCUdDTKEaLLq3O1YaqyZZiPMQFnU70MfkpjPe4stRDZ+/NWBRNDMaNTYQxw=="],

    "@oven/bun-windows-x64-baseline": ["@oven/bun-windows-x64-baseline@1.2.11", "", { "os": "win32", "cpu": "x64" }, "sha512-uzappBblyA3GlX0PDENU1HTPZR82tzPuNd5jumTiDQ22FZmc2ZqCYTIZ/ngwHKOHDD6Rxdsux8+9EXgVS51G2w=="],

    "@rollup/rollup-android-arm-eabi": ["@rollup/rollup-android-arm-eabi@4.40.1", "", { "os": "android", "cpu": "arm" }, "sha512-kxz0YeeCrRUHz3zyqvd7n+TVRlNyTifBsmnmNPtk3hQURUyG9eAB+usz6DAwagMusjx/zb3AjvDUvhFGDAexGw=="],

    "@rollup/rollup-android-arm64": ["@rollup/rollup-android-arm64@4.40.1", "", { "os": "android", "cpu": "arm64" }, "sha512-PPkxTOisoNC6TpnDKatjKkjRMsdaWIhyuMkA4UsBXT9WEZY4uHezBTjs6Vl4PbqQQeu6oION1w2voYZv9yquCw=="],

    "@rollup/rollup-darwin-arm64": ["@rollup/rollup-darwin-arm64@4.40.1", "", { "os": "darwin", "cpu": "arm64" }, "sha512-VWXGISWFY18v/0JyNUy4A46KCFCb9NVsH+1100XP31lud+TzlezBbz24CYzbnA4x6w4hx+NYCXDfnvDVO6lcAA=="],

    "@rollup/rollup-darwin-x64": ["@rollup/rollup-darwin-x64@4.40.1", "", { "os": "darwin", "cpu": "x64" }, "sha512-nIwkXafAI1/QCS7pxSpv/ZtFW6TXcNUEHAIA9EIyw5OzxJZQ1YDrX+CL6JAIQgZ33CInl1R6mHet9Y/UZTg2Bw=="],

    "@rollup/rollup-freebsd-arm64": ["@rollup/rollup-freebsd-arm64@4.40.1", "", { "os": "freebsd", "cpu": "arm64" }, "sha512-BdrLJ2mHTrIYdaS2I99mriyJfGGenSaP+UwGi1kB9BLOCu9SR8ZpbkmmalKIALnRw24kM7qCN0IOm6L0S44iWw=="],

    "@rollup/rollup-freebsd-x64": ["@rollup/rollup-freebsd-x64@4.40.1", "", { "os": "freebsd", "cpu": "x64" }, "sha512-VXeo/puqvCG8JBPNZXZf5Dqq7BzElNJzHRRw3vjBE27WujdzuOPecDPc/+1DcdcTptNBep3861jNq0mYkT8Z6Q=="],

    "@rollup/rollup-linux-arm-gnueabihf": ["@rollup/rollup-linux-arm-gnueabihf@4.40.1", "", { "os": "linux", "cpu": "arm" }, "sha512-ehSKrewwsESPt1TgSE/na9nIhWCosfGSFqv7vwEtjyAqZcvbGIg4JAcV7ZEh2tfj/IlfBeZjgOXm35iOOjadcg=="],

    "@rollup/rollup-linux-arm-musleabihf": ["@rollup/rollup-linux-arm-musleabihf@4.40.1", "", { "os": "linux", "cpu": "arm" }, "sha512-m39iO/aaurh5FVIu/F4/Zsl8xppd76S4qoID8E+dSRQvTyZTOI2gVk3T4oqzfq1PtcvOfAVlwLMK3KRQMaR8lg=="],

    "@rollup/rollup-linux-arm64-gnu": ["@rollup/rollup-linux-arm64-gnu@4.40.1", "", { "os": "linux", "cpu": "arm64" }, "sha512-Y+GHnGaku4aVLSgrT0uWe2o2Rq8te9hi+MwqGF9r9ORgXhmHK5Q71N757u0F8yU1OIwUIFy6YiJtKjtyktk5hg=="],

    "@rollup/rollup-linux-arm64-musl": ["@rollup/rollup-linux-arm64-musl@4.40.1", "", { "os": "linux", "cpu": "arm64" }, "sha512-jEwjn3jCA+tQGswK3aEWcD09/7M5wGwc6+flhva7dsQNRZZTe30vkalgIzV4tjkopsTS9Jd7Y1Bsj6a4lzz8gQ=="],

    "@rollup/rollup-linux-loongarch64-gnu": ["@rollup/rollup-linux-loongarch64-gnu@4.40.1", "", { "os": "linux", "cpu": "none" }, "sha512-ySyWikVhNzv+BV/IDCsrraOAZ3UaC8SZB67FZlqVwXwnFhPihOso9rPOxzZbjp81suB1O2Topw+6Ug3JNegejQ=="],

    "@rollup/rollup-linux-powerpc64le-gnu": ["@rollup/rollup-linux-powerpc64le-gnu@4.40.1", "", { "os": "linux", "cpu": "ppc64" }, "sha512-BvvA64QxZlh7WZWqDPPdt0GH4bznuL6uOO1pmgPnnv86rpUpc8ZxgZwcEgXvo02GRIZX1hQ0j0pAnhwkhwPqWg=="],

    "@rollup/rollup-linux-riscv64-gnu": ["@rollup/rollup-linux-riscv64-gnu@4.40.1", "", { "os": "linux", "cpu": "none" }, "sha512-EQSP+8+1VuSulm9RKSMKitTav89fKbHymTf25n5+Yr6gAPZxYWpj3DzAsQqoaHAk9YX2lwEyAf9S4W8F4l3VBQ=="],

    "@rollup/rollup-linux-riscv64-musl": ["@rollup/rollup-linux-riscv64-musl@4.40.1", "", { "os": "linux", "cpu": "none" }, "sha512-n/vQ4xRZXKuIpqukkMXZt9RWdl+2zgGNx7Uda8NtmLJ06NL8jiHxUawbwC+hdSq1rrw/9CghCpEONor+l1e2gA=="],

    "@rollup/rollup-linux-s390x-gnu": ["@rollup/rollup-linux-s390x-gnu@4.40.1", "", { "os": "linux", "cpu": "s390x" }, "sha512-h8d28xzYb98fMQKUz0w2fMc1XuGzLLjdyxVIbhbil4ELfk5/orZlSTpF/xdI9C8K0I8lCkq+1En2RJsawZekkg=="],

    "@rollup/rollup-linux-x64-gnu": ["@rollup/rollup-linux-x64-gnu@4.40.1", "", { "os": "linux", "cpu": "x64" }, "sha512-XiK5z70PEFEFqcNj3/zRSz/qX4bp4QIraTy9QjwJAb/Z8GM7kVUsD0Uk8maIPeTyPCP03ChdI+VVmJriKYbRHQ=="],

    "@rollup/rollup-linux-x64-musl": ["@rollup/rollup-linux-x64-musl@4.40.1", "", { "os": "linux", "cpu": "x64" }, "sha512-2BRORitq5rQ4Da9blVovzNCMaUlyKrzMSvkVR0D4qPuOy/+pMCrh1d7o01RATwVy+6Fa1WBw+da7QPeLWU/1mQ=="],

    "@rollup/rollup-win32-arm64-msvc": ["@rollup/rollup-win32-arm64-msvc@4.40.1", "", { "os": "win32", "cpu": "arm64" }, "sha512-b2bcNm9Kbde03H+q+Jjw9tSfhYkzrDUf2d5MAd1bOJuVplXvFhWz7tRtWvD8/ORZi7qSCy0idW6tf2HgxSXQSg=="],

    "@rollup/rollup-win32-ia32-msvc": ["@rollup/rollup-win32-ia32-msvc@4.40.1", "", { "os": "win32", "cpu": "ia32" }, "sha512-DfcogW8N7Zg7llVEfpqWMZcaErKfsj9VvmfSyRjCyo4BI3wPEfrzTtJkZG6gKP/Z92wFm6rz2aDO7/JfiR/whA=="],

    "@rollup/rollup-win32-x64-msvc": ["@rollup/rollup-win32-x64-msvc@4.40.1", "", { "os": "win32", "cpu": "x64" }, "sha512-ECyOuDeH3C1I8jH2MK1RtBJW+YPMvSfT0a5NN0nHfQYnDSJ6tUiZH3gzwVP5/Kfh/+Tt7tpWVF9LXNTnhTJ3kA=="],

    "@tokenizer/inflate": ["@tokenizer/inflate@0.2.7", "", { "dependencies": { "debug": "^4.4.0", "fflate": "^0.8.2", "token-types": "^6.0.0" } }, "sha512-MADQgmZT1eKjp06jpI2yozxaU9uVs4GzzgSL+uEq7bVcJ9V1ZXQkeGNql1fsSI0gMy1vhvNTNbUqrx+pZfJVmg=="],

    "@tokenizer/token": ["@tokenizer/token@0.3.0", "", {}, "sha512-OvjF+z51L3ov0OyAU0duzsYuvO01PH7x4t6DJx+guahgTnBHkhJdG7soQeTSFLWN3efnHyibZ4Z8l2EuWwJN3A=="],

    "@types/bun": ["@types/bun@1.2.11", "", { "dependencies": { "bun-types": "1.2.11" } }, "sha512-ZLbbI91EmmGwlWTRWuV6J19IUiUC5YQ3TCEuSHI3usIP75kuoA8/0PVF+LTrbEnVc8JIhpElWOxv1ocI1fJBbw=="],

    "@types/estree": ["@types/estree@1.0.7", "", {}, "sha512-w28IoSUCJpidD/TGviZwwMJckNESJZXFu7NBZ5YJ4mEUnNraUn9Pm8HSZm/jDF1pDWYKspWE7oVphigUPRakIQ=="],

    "@types/mime": ["@types/mime@4.0.0", "", { "dependencies": { "mime": "*" } }, "sha512-5eEkJZ/BLvTE3vXGKkWlyTSUVZuzj23Wj8PoyOq2lt5I3CYbiLBOPb3XmCW6QcuOibIUE6emHXHt9E/F/rCa6w=="],

    "@types/node": ["@types/node@22.15.3", "", { "dependencies": { "undici-types": "~6.21.0" } }, "sha512-lX7HFZeHf4QG/J7tBZqrCAXwz9J5RD56Y6MpP0eJkka8p+K0RY/yBTW7CYFJ4VGCclxqOLKmiGP5juQc6MKgcw=="],

    "braces": ["braces@3.0.3", "", { "dependencies": { "fill-range": "^7.1.1" } }, "sha512-yQbXgO/OSZVD2IsiLlro+7Hf6Q18EJrKSEsdoMzKePKXct3gvD8oLcOQdIzGupr5Fj+EDe8gO/lxc1BzfMpxvA=="],

    "bun": ["bun@1.2.11", "", { "optionalDependencies": { "@oven/bun-darwin-aarch64": "1.2.11", "@oven/bun-darwin-x64": "1.2.11", "@oven/bun-darwin-x64-baseline": "1.2.11", "@oven/bun-linux-aarch64": "1.2.11", "@oven/bun-linux-aarch64-musl": "1.2.11", "@oven/bun-linux-x64": "1.2.11", "@oven/bun-linux-x64-baseline": "1.2.11", "@oven/bun-linux-x64-musl": "1.2.11", "@oven/bun-linux-x64-musl-baseline": "1.2.11", "@oven/bun-windows-x64": "1.2.11", "@oven/bun-windows-x64-baseline": "1.2.11" }, "os": [ "linux", "win32", "darwin", ], "cpu": [ "x64", "arm64", ], "bin": { "bun": "bin/bun.exe", "bunx": "bin/bun.exe" } }, "sha512-9brVfsp6/TYVsE3lCl1MUxoyKhvljqyL1MNPErgwsOaS9g4Gzi2nY+W5WtRAXGzLrgz5jzsoGHHwyH/rTeRCIg=="],

    "bun-types": ["bun-types@1.2.11", "", { "dependencies": { "@types/node": "*" } }, "sha512-dbkp5Lo8HDrXkLrONm6bk+yiiYQSntvFUzQp0v3pzTAsXk6FtgVMjdQ+lzFNVAmQFUkPQZ3WMZqH5tTo+Dp/IA=="],

    "debug": ["debug@4.4.0", "", { "dependencies": { "ms": "^2.1.3" } }, "sha512-6WTZ/IxCY/T6BALoZHaE4ctp9xm+Z5kY/pzYaCHRFeyVhojxlrm+46y68HA6hr0TcwEssoxNiDEUJQjfPZ/RYA=="],

    "esbuild": ["esbuild@0.25.3", "", { "optionalDependencies": { "@esbuild/aix-ppc64": "0.25.3", "@esbuild/android-arm": "0.25.3", "@esbuild/android-arm64": "0.25.3", "@esbuild/android-x64": "0.25.3", "@esbuild/darwin-arm64": "0.25.3", "@esbuild/darwin-x64": "0.25.3", "@esbuild/freebsd-arm64": "0.25.3", "@esbuild/freebsd-x64": "0.25.3", "@esbuild/linux-arm": "0.25.3", "@esbuild/linux-arm64": "0.25.3", "@esbuild/linux-ia32": "0.25.3", "@esbuild/linux-loong64": "0.25.3", "@esbuild/linux-mips64el": "0.25.3", "@esbuild/linux-ppc64": "0.25.3", "@esbuild/linux-riscv64": "0.25.3", "@esbuild/linux-s390x": "0.25.3", "@esbuild/linux-x64": "0.25.3", "@esbuild/netbsd-arm64": "0.25.3", "@esbuild/netbsd-x64": "0.25.3", "@esbuild/openbsd-arm64": "0.25.3", "@esbuild/openbsd-x64": "0.25.3", "@esbuild/sunos-x64": "0.25.3", "@esbuild/win32-arm64": "0.25.3", "@esbuild/win32-ia32": "0.25.3", "@esbuild/win32-x64": "0.25.3" }, "bin": { "esbuild": "bin/esbuild" } }, "sha512-qKA6Pvai73+M2FtftpNKRxJ78GIjmFXFxd/1DVBqGo/qNhLSfv+G12n9pNoWdytJC8U00TrViOwpjT0zgqQS8Q=="],

    "fast-glob": ["fast-glob@3.3.3", "", { "dependencies": { "@nodelib/fs.stat": "^2.0.2", "@nodelib/fs.walk": "^1.2.3", "glob-parent": "^5.1.2", "merge2": "^1.3.0", "micromatch": "^4.0.8" } }, "sha512-7MptL8U0cqcFdzIzwOTHoilX9x5BrNqye7Z/LuC7kCMRio1EMSyqRK3BEAUD7sXRq4iT4AzTVuZdhgQ2TCvYLg=="],

    "fastq": ["fastq@1.19.1", "", { "dependencies": { "reusify": "^1.0.4" } }, "sha512-GwLTyxkCXjXbxqIhTsMI2Nui8huMPtnxg7krajPJAjnEG/iiOS7i+zCtWGZR9G0NBKbXKh6X9m9UIsYX/N6vvQ=="],

    "fdir": ["fdir@6.4.4", "", { "peerDependencies": { "picomatch": "^3 || ^4" }, "optionalPeers": ["picomatch"] }, "sha512-1NZP+GK4GfuAv3PqKvxQRDMjdSRZjnkq7KfhlNrCNNlZ0ygQFpebfrnfnq/W7fpUnAv9aGWmY1zKx7FYL3gwhg=="],

    "fflate": ["fflate@0.8.2", "", {}, "sha512-cPJU47OaAoCbg0pBvzsgpTPhmhqI5eJjh/JIu8tPj5q+T7iLvW/JAYUqmE7KOB4R1ZyEhzBaIQpQpardBF5z8A=="],

    "file-type": ["file-type@20.5.0", "", { "dependencies": { "@tokenizer/inflate": "^0.2.6", "strtok3": "^10.2.0", "token-types": "^6.0.0", "uint8array-extras": "^1.4.0" } }, "sha512-BfHZtG/l9iMm4Ecianu7P8HRD2tBHLtjXinm4X62XBOYzi7CYA7jyqfJzOvXHqzVrVPYqBo2/GvbARMaaJkKVg=="],

    "fill-range": ["fill-range@7.1.1", "", { "dependencies": { "to-regex-range": "^5.0.1" } }, "sha512-YsGpe3WHLK8ZYi4tWDg2Jy3ebRz2rXowDxnld4bkQB00cc/1Zw9AWnC0i9ztDJitivtQvaI9KaLyKrc+hBW0yg=="],

    "fsevents": ["fsevents@2.3.3", "", { "os": "darwin" }, "sha512-5xoDfX+fL7faATnagmWPpbFtwh/R77WmMMqqHGS65C3vvB0YHrgF+B1YmZ3441tMj5n63k0212XNoJwzlhffQw=="],

    "glob-parent": ["glob-parent@5.1.2", "", { "dependencies": { "is-glob": "^4.0.1" } }, "sha512-AOIgSQCepiJYwP3ARnGx+5VnTu2HBYdzbGP45eLw1vr3zB3vZLeyed1sC9hnbcOc9/SrMyM5RPQrkGz4aS9Zow=="],

    "ieee754": ["ieee754@1.2.1", "", {}, "sha512-dcyqhDvX1C46lXZcVqCpK+FtMRQVdIMN6/Df5js2zouUsqG7I6sFxitIC+7KYK29KdXOLHdu9zL4sFnoVQnqaA=="],

    "is-extglob": ["is-extglob@2.1.1", "", {}, "sha512-SbKbANkN603Vi4jEZv49LeVJMn4yGwsbzZworEoyEiutsN3nJYdbO36zfhGJ6QEDpOZIFkDtnq5JRxmvl3jsoQ=="],

    "is-glob": ["is-glob@4.0.3", "", { "dependencies": { "is-extglob": "^2.1.1" } }, "sha512-xelSayHH36ZgE7ZWhli7pW34hNbNl8Ojv5KVmkJD4hBdD3th8Tfk9vYasLM+mXWOZhFkgZfxhLSnrwRr4elSSg=="],

    "is-number": ["is-number@7.0.0", "", {}, "sha512-41Cifkg6e8TylSpdtTpeLVMqvSBEVzTttHvERD741+pnZ8ANv0004MRL43QKPDlK9cGvNp6NZWZUBlbGXYxxng=="],

    "merge2": ["merge2@1.4.1", "", {}, "sha512-8q7VEgMJW4J8tcfVPy8g09NcQwZdbwFEqhe/WZkoIzjn/3TGDwtOCYtXGxA3O8tPzpczCCDgv+P2P5y00ZJOOg=="],

    "micromatch": ["micromatch@4.0.8", "", { "dependencies": { "braces": "^3.0.3", "picomatch": "^2.3.1" } }, "sha512-PXwfBhYu0hBCPw8Dn0E+WDYb7af3dSLVWKi3HGv84IdF4TyFoC0ysxFd0Goxw7nSv4T/PzEJQxsYsEiFCKo2BA=="],

    "mime": ["mime@4.0.7", "", { "bin": { "mime": "bin/cli.js" } }, "sha512-2OfDPL+e03E0LrXaGYOtTFIYhiuzep94NSsuhrNULq+stylcJedcHdzHtz0atMUuGwJfFYs0YL5xeC/Ca2x0eQ=="],

    "ms": ["ms@2.1.3", "", {}, "sha512-6FlzubTLZG3J2a/NVCAleEhjzq5oxgHyaCU9yYXvcLsvoVaHJq/s5xXI6/XXP6tz7R9xAOtHnSO/tXtF3WRTlA=="],

    "nanoid": ["nanoid@3.3.11", "", { "bin": { "nanoid": "bin/nanoid.cjs" } }, "sha512-N8SpfPUnUp1bK+PMYW8qSWdl9U+wwNWI4QKxOYDy9JAro3WMX7p2OeVRF9v+347pnakNevPmiHhNmZ2HbFA76w=="],

    "peek-readable": ["peek-readable@7.0.0", "", {}, "sha512-nri2TO5JE3/mRryik9LlHFT53cgHfRK0Lt0BAZQXku/AW3E6XLt2GaY8siWi7dvW/m1z0ecn+J+bpDa9ZN3IsQ=="],

    "picocolors": ["picocolors@1.1.1", "", {}, "sha512-xceH2snhtb5M9liqDsmEw56le376mTZkEX/jEb/RxNFyegNul7eNslCXP9FDj/Lcu0X8KEyMceP2ntpaHrDEVA=="],

    "picomatch": ["picomatch@4.0.2", "", {}, "sha512-M7BAV6Rlcy5u+m6oPhAPFgJTzAioX/6B0DxyvDlo9l8+T3nLKbrczg2WLUyzd45L8RqfUMyGPzekbMvX2Ldkwg=="],

    "postcss": ["postcss@8.5.3", "", { "dependencies": { "nanoid": "^3.3.8", "picocolors": "^1.1.1", "source-map-js": "^1.2.1" } }, "sha512-dle9A3yYxlBSrt8Fu+IpjGT8SY8hN0mlaA6GY8t0P5PjIOZemULz/E2Bnm/2dcUOena75OTNkHI76uZBNUUq3A=="],

    "queue-microtask": ["queue-microtask@1.2.3", "", {}, "sha512-NuaNSa6flKT5JaSYQzJok04JzTL1CA6aGhv5rfLW3PgqA+M2ChpZQnAC8h8i4ZFkBS8X5RqkDBHA7r4hej3K9A=="],

    "reusify": ["reusify@1.1.0", "", {}, "sha512-g6QUff04oZpHs0eG5p83rFLhHeV00ug/Yf9nZM6fLeUrPguBTkTQOdpAWWspMh55TZfVQDPaN3NQJfbVRAxdIw=="],

    "rollup": ["rollup@4.40.1", "", { "dependencies": { "@types/estree": "1.0.7" }, "optionalDependencies": { "@rollup/rollup-android-arm-eabi": "4.40.1", "@rollup/rollup-android-arm64": "4.40.1", "@rollup/rollup-darwin-arm64": "4.40.1", "@rollup/rollup-darwin-x64": "4.40.1", "@rollup/rollup-freebsd-arm64": "4.40.1", "@rollup/rollup-freebsd-x64": "4.40.1", "@rollup/rollup-linux-arm-gnueabihf": "4.40.1", "@rollup/rollup-linux-arm-musleabihf": "4.40.1", "@rollup/rollup-linux-arm64-gnu": "4.40.1", "@rollup/rollup-linux-arm64-musl": "4.40.1", "@rollup/rollup-linux-loongarch64-gnu": "4.40.1", "@rollup/rollup-linux-powerpc64le-gnu": "4.40.1", "@rollup/rollup-linux-riscv64-gnu": "4.40.1", "@rollup/rollup-linux-riscv64-musl": "4.40.1", "@rollup/rollup-linux-s390x-gnu": "4.40.1", "@rollup/rollup-linux-x64-gnu": "4.40.1", "@rollup/rollup-linux-x64-musl": "4.40.1", "@rollup/rollup-win32-arm64-msvc": "4.40.1", "@rollup/rollup-win32-ia32-msvc": "4.40.1", "@rollup/rollup-win32-x64-msvc": "4.40.1", "fsevents": "~2.3.2" }, "bin": { "rollup": "dist/bin/rollup" } }, "sha512-C5VvvgCCyfyotVITIAv+4efVytl5F7wt+/I2i9q9GZcEXW9BP52YYOXC58igUi+LFZVHukErIIqQSWwv/M3WRw=="],

    "run-parallel": ["run-parallel@1.2.0", "", { "dependencies": { "queue-microtask": "^1.2.2" } }, "sha512-5l4VyZR86LZ/lDxZTR6jqL8AFE2S0IFLMP26AbjsLVADxHdhB/c0GUsH+y39UfCi3dzz8OlQuPmnaJOMoDHQBA=="],

    "source-map-js": ["source-map-js@1.2.1", "", {}, "sha512-UXWMKhLOwVKb728IUtQPXxfYU+usdybtUrK/8uGE8CQMvrhOpwvzDBwj0QhSL7MQc7vIsISBG8VQ8+IDQxpfQA=="],

    "strtok3": ["strtok3@10.2.2", "", { "dependencies": { "@tokenizer/token": "^0.3.0", "peek-readable": "^7.0.0" } }, "sha512-Xt18+h4s7Z8xyZ0tmBoRmzxcop97R4BAh+dXouUDCYn+Em+1P3qpkUfI5ueWLT8ynC5hZ+q4iPEmGG1urvQGBg=="],

    "tinyglobby": ["tinyglobby@0.2.13", "", { "dependencies": { "fdir": "^6.4.4", "picomatch": "^4.0.2" } }, "sha512-mEwzpUgrLySlveBwEVDMKk5B57bhLPYovRfPAXD5gA/98Opn0rCDj3GtLwFvCvH5RK9uPCExUROW5NjDwvqkxw=="],

    "to-regex-range": ["to-regex-range@5.0.1", "", { "dependencies": { "is-number": "^7.0.0" } }, "sha512-65P7iz6X5yEr1cwcgvQxbbIw7Uk3gOy5dIdtZ4rDveLqhrdJP+Li/Hx6tyK0NEb+2GCyneCMJiGqrADCSNk8sQ=="],

    "token-types": ["token-types@6.0.0", "", { "dependencies": { "@tokenizer/token": "^0.3.0", "ieee754": "^1.2.1" } }, "sha512-lbDrTLVsHhOMljPscd0yitpozq7Ga2M5Cvez5AjGg8GASBjtt6iERCAJ93yommPmz62fb45oFIXHEZ3u9bfJEA=="],

    "typescript": ["typescript@5.8.3", "", { "bin": { "tsc": "bin/tsc", "tsserver": "bin/tsserver" } }, "sha512-p1diW6TqL9L07nNxvRMM7hMMw4c5XOo/1ibL4aAIGmSAt9slTE1Xgw5KWuof2uTOvCg9BY7ZRi+GaF+7sfgPeQ=="],

    "uint8array-extras": ["uint8array-extras@1.4.0", "", {}, "sha512-ZPtzy0hu4cZjv3z5NW9gfKnNLjoz4y6uv4HlelAjDK7sY/xOkKZv9xK/WQpcsBB3jEybChz9DPC2U/+cusjJVQ=="],

    "undici-types": ["undici-types@6.21.0", "", {}, "sha512-iwDZqg0QAGrg9Rav5H4n0M64c3mkR59cJ6wQp+7C4nI0gsmExaedaYLNO44eT4AtBBwjbTiGPMlt2Md0T9H9JQ=="],

    "vite": ["vite@6.3.4", "", { "dependencies": { "esbuild": "^0.25.0", "fdir": "^6.4.4", "picomatch": "^4.0.2", "postcss": "^8.5.3", "rollup": "^4.34.9", "tinyglobby": "^0.2.13" }, "optionalDependencies": { "fsevents": "~2.3.3" }, "peerDependencies": { "@types/node": "^18.0.0 || ^20.0.0 || >=22.0.0", "jiti": ">=1.21.0", "less": "*", "lightningcss": "^1.21.0", "sass": "*", "sass-embedded": "*", "stylus": "*", "sugarss": "*", "terser": "^5.16.0", "tsx": "^4.8.1", "yaml": "^2.4.2" }, "optionalPeers": ["@types/node", "jiti", "less", "lightningcss", "sass", "sass-embedded", "stylus", "sugarss", "terser", "tsx", "yaml"], "bin": { "vite": "bin/vite.js" } }, "sha512-BiReIiMS2fyFqbqNT/Qqt4CVITDU9M9vE+DKcVAsB+ZV0wvTKd+3hMbkpxz1b+NmEDMegpVbisKiAZOnvO92Sw=="],

    "micromatch/picomatch": ["picomatch@2.3.1", "", {}, "sha512-JU3teHTNjmE2VCGFzuY8EXzCDVwEqB2a8fsIvwaStHhAWJEeVd1o1QD80CU6+ZdEXXSLbSsuLwJjkCBWqRQUVA=="],
  }
}
